
Microsoft Visual Studio Solution File, Format Version 12.00
# Visual Studio Version 17
VisualStudioVersion = 17.12.35514.174 d17.12
MinimumVisualStudioVersion = 10.0.40219.1
Project("{FAE04EC0-301F-11D3-BF4B-00C04F79EFBC}") = "WebNet.Web", "WebNet.Web\WebNet.Web.csproj", "{AA33B378-EBE2-4AB6-BA65-4E320E3651F5}"
EndProject
Project("{FAE04EC0-301F-11D3-BF4B-00C04F79EFBC}") = "WebNet.DAL", "WebNet.DAL\WebNet.DAL.csproj", "{80AB197E-ED37-43EA-B7DA-1A4A0284F7B0}"
EndProject
Project("{FAE04EC0-301F-11D3-BF4B-00C04F79EFBC}") = "WebNet.Model", "WebNet.Model\WebNet.Model.csproj", "{1A9B8A75-E63A-4EE2-B897-78ECF5244DFF}"
EndProject
Global
	GlobalSection(SolutionConfigurationPlatforms) = preSolution
		Debug|Any CPU = Debug|Any CPU
		Release|Any CPU = Release|Any CPU
	EndGlobalSection
	GlobalSection(ProjectConfigurationPlatforms) = postSolution
		{AA33B378-EBE2-4AB6-BA65-4E320E3651F5}.Debug|Any CPU.ActiveCfg = Debug|Any CPU
		{AA33B378-EBE2-4AB6-BA65-4E320E3651F5}.Debug|Any CPU.Build.0 = Debug|Any CPU
		{AA33B378-EBE2-4AB6-BA65-4E320E3651F5}.Release|Any CPU.ActiveCfg = Release|Any CPU
		{AA33B378-EBE2-4AB6-BA65-4E320E3651F5}.Release|Any CPU.Build.0 = Release|Any CPU
		{80AB197E-ED37-43EA-B7DA-1A4A0284F7B0}.Debug|Any CPU.ActiveCfg = Debug|Any CPU
		{80AB197E-ED37-43EA-B7DA-1A4A0284F7B0}.Debug|Any CPU.Build.0 = Debug|Any CPU
		{80AB197E-ED37-43EA-B7DA-1A4A0284F7B0}.Release|Any CPU.ActiveCfg = Release|Any CPU
		{80AB197E-ED37-43EA-B7DA-1A4A0284F7B0}.Release|Any CPU.Build.0 = Release|Any CPU
		{1A9B8A75-E63A-4EE2-B897-78ECF5244DFF}.Debug|Any CPU.ActiveCfg = Debug|Any CPU
		{1A9B8A75-E63A-4EE2-B897-78ECF5244DFF}.Debug|Any CPU.Build.0 = Debug|Any CPU
		{1A9B8A75-E63A-4EE2-B897-78ECF5244DFF}.Release|Any CPU.ActiveCfg = Release|Any CPU
		{1A9B8A75-E63A-4EE2-B897-78ECF5244DFF}.Release|Any CPU.Build.0 = Release|Any CPU
	EndGlobalSection
	GlobalSection(SolutionProperties) = preSolution
		HideSolutionNode = FALSE
	EndGlobalSection
EndGlobal
